
Microsoft Visual Studio Solution File, Format Version 12.00
# Visual Studio Version 17
VisualStudioVersion = 17.0.31919.166
MinimumVisualStudioVersion = 10.0.40219.1
Project("{9A19103F-16F7-4668-BE54-9A1E7A4F7556}") = "Blazr.Components", "Blazr.Components\Blazr.Components.csproj", "{13A08880-AF15-4F05-8D0E-B9C25DC28C71}"
EndProject
Project("{9A19103F-16F7-4668-BE54-9A1E7A4F7556}") = "Blazr.ComponentRendering", "Blazr.ComponentRendering\Blazr.ComponentRendering.csproj", "{51767953-2178-4BA9-A025-C0C51B7DB0FD}"
EndProject
Project("{2150E333-8FDC-42A3-9474-1A3956D46DE8}") = "Solution Items", "Solution Items", "{2998ED1B-5BB0-4EF4-814F-DB06C0199691}"
EndProject
Project("{2150E333-8FDC-42A3-9474-1A3956D46DE8}") = "Tutorials", "Tutorials", "{54A34B5D-7C5D-461E-96E0-218CED2A7901}"
EndProject
Project("{2150E333-8FDC-42A3-9474-1A3956D46DE8}") = "Exploring-Components", "Exploring-Components", "{79F45216-23E8-4272-B275-AA15C3A0DCA9}"
	ProjectSection(SolutionItems) = preProject
		Tutorials\Exploring-Components\Final-Summary.md = Tutorials\Exploring-Components\Final-Summary.md
		Tutorials\Exploring-Components\Introduction.md = Tutorials\Exploring-Components\Introduction.md
		Tutorials\Exploring-Components\Tutorial-1.md = Tutorials\Exploring-Components\Tutorial-1.md
		Tutorials\Exploring-Components\Tutorial-2.md = Tutorials\Exploring-Components\Tutorial-2.md
		Tutorials\Exploring-Components\Tutorial-3.md = Tutorials\Exploring-Components\Tutorial-3.md
		Tutorials\Exploring-Components\Tutorial-4.md = Tutorials\Exploring-Components\Tutorial-4.md
		Tutorials\Exploring-Components\Tutorial-5.md = Tutorials\Exploring-Components\Tutorial-5.md
		Tutorials\Exploring-Components\Tutorial-6.md = Tutorials\Exploring-Components\Tutorial-6.md
		Tutorials\Exploring-Components\Tutorial-7.md = Tutorials\Exploring-Components\Tutorial-7.md
	EndProjectSection
EndProject
Project("{9A19103F-16F7-4668-BE54-9A1E7A4F7556}") = "Blazr.Components.Tutorial1", "Tutorials\Exploring-Components\Blazr.Components.Tutorial1\Blazr.Components.Tutorial1.csproj", "{9878F6FE-5A6F-4376-8031-83F2C825F8F2}"
EndProject
Project("{9A19103F-16F7-4668-BE54-9A1E7A4F7556}") = "Blazr.Components.Tutorial2", "Tutorials\Exploring-Components\Blazr.Components.Tutorial2\Blazr.Components.Tutorial2.csproj", "{47991822-4CE7-4141-92D4-12047B7818A4}"
EndProject
Project("{9A19103F-16F7-4668-BE54-9A1E7A4F7556}") = "Blazr.Components.Tutorial4", "Tutorials\Exploring-Components\Blazr.Components.Tutorial4\Blazr.Components.Tutorial4.csproj", "{EF72AAD0-2D9E-4BB5-BF45-4E501EAC57F4}"
EndProject
Project("{9A19103F-16F7-4668-BE54-9A1E7A4F7556}") = "Blazr.Components.Tutorial3", "Tutorials\Exploring-Components\Blazr.Components.Tutorial3\Blazr.Components.Tutorial3.csproj", "{9EF16428-3694-4426-A63A-3D1BF4D5BD2B}"
EndProject
Project("{9A19103F-16F7-4668-BE54-9A1E7A4F7556}") = "Blazr.Components.Tutorial5", "Tutorials\Exploring-Components\Blazr.Components.Tutorial5\Blazr.Components.Tutorial5.csproj", "{92E06177-264F-4963-85E8-A07348E3A262}"
EndProject
Project("{9A19103F-16F7-4668-BE54-9A1E7A4F7556}") = "Blazr.Components.Tutorial6", "Tutorials\Exploring-Components\Blazr.Components.Tutorial6\Blazr.Components.Tutorial6.csproj", "{C75C6197-5BFD-4AC0-B6FA-1725F35D44F3}"
EndProject
Project("{9A19103F-16F7-4668-BE54-9A1E7A4F7556}") = "Blazr.Components.Tutorial7", "Tutorials\Exploring-Components\Blazr.Components.Tutorial7\Blazr.Components.Tutorial7.csproj", "{6AA766A4-AAF6-46EA-AC9D-040E6FB5D11D}"
EndProject
Global
	GlobalSection(SolutionConfigurationPlatforms) = preSolution
		Debug|Any CPU = Debug|Any CPU
		Release|Any CPU = Release|Any CPU
	EndGlobalSection
	GlobalSection(ProjectConfigurationPlatforms) = postSolution
		{13A08880-AF15-4F05-8D0E-B9C25DC28C71}.Debug|Any CPU.ActiveCfg = Debug|Any CPU
		{13A08880-AF15-4F05-8D0E-B9C25DC28C71}.Debug|Any CPU.Build.0 = Debug|Any CPU
		{13A08880-AF15-4F05-8D0E-B9C25DC28C71}.Release|Any CPU.ActiveCfg = Release|Any CPU
		{13A08880-AF15-4F05-8D0E-B9C25DC28C71}.Release|Any CPU.Build.0 = Release|Any CPU
		{51767953-2178-4BA9-A025-C0C51B7DB0FD}.Debug|Any CPU.ActiveCfg = Debug|Any CPU
		{51767953-2178-4BA9-A025-C0C51B7DB0FD}.Debug|Any CPU.Build.0 = Debug|Any CPU
		{51767953-2178-4BA9-A025-C0C51B7DB0FD}.Release|Any CPU.ActiveCfg = Release|Any CPU
		{51767953-2178-4BA9-A025-C0C51B7DB0FD}.Release|Any CPU.Build.0 = Release|Any CPU
		{9878F6FE-5A6F-4376-8031-83F2C825F8F2}.Debug|Any CPU.ActiveCfg = Debug|Any CPU
		{9878F6FE-5A6F-4376-8031-83F2C825F8F2}.Debug|Any CPU.Build.0 = Debug|Any CPU
		{9878F6FE-5A6F-4376-8031-83F2C825F8F2}.Release|Any CPU.ActiveCfg = Release|Any CPU
		{9878F6FE-5A6F-4376-8031-83F2C825F8F2}.Release|Any CPU.Build.0 = Release|Any CPU
		{47991822-4CE7-4141-92D4-12047B7818A4}.Debug|Any CPU.ActiveCfg = Debug|Any CPU
		{47991822-4CE7-4141-92D4-12047B7818A4}.Debug|Any CPU.Build.0 = Debug|Any CPU
		{47991822-4CE7-4141-92D4-12047B7818A4}.Release|Any CPU.ActiveCfg = Release|Any CPU
		{47991822-4CE7-4141-92D4-12047B7818A4}.Release|Any CPU.Build.0 = Release|Any CPU
		{EF72AAD0-2D9E-4BB5-BF45-4E501EAC57F4}.Debug|Any CPU.ActiveCfg = Debug|Any CPU
		{EF72AAD0-2D9E-4BB5-BF45-4E501EAC57F4}.Debug|Any CPU.Build.0 = Debug|Any CPU
		{EF72AAD0-2D9E-4BB5-BF45-4E501EAC57F4}.Release|Any CPU.ActiveCfg = Release|Any CPU
		{EF72AAD0-2D9E-4BB5-BF45-4E501EAC57F4}.Release|Any CPU.Build.0 = Release|Any CPU
		{9EF16428-3694-4426-A63A-3D1BF4D5BD2B}.Debug|Any CPU.ActiveCfg = Debug|Any CPU
		{9EF16428-3694-4426-A63A-3D1BF4D5BD2B}.Debug|Any CPU.Build.0 = Debug|Any CPU
		{9EF16428-3694-4426-A63A-3D1BF4D5BD2B}.Release|Any CPU.ActiveCfg = Release|Any CPU
		{9EF16428-3694-4426-A63A-3D1BF4D5BD2B}.Release|Any CPU.Build.0 = Release|Any CPU
		{92E06177-264F-4963-85E8-A07348E3A262}.Debug|Any CPU.ActiveCfg = Debug|Any CPU
		{92E06177-264F-4963-85E8-A07348E3A262}.Debug|Any CPU.Build.0 = Debug|Any CPU
		{92E06177-264F-4963-85E8-A07348E3A262}.Release|Any CPU.ActiveCfg = Release|Any CPU
		{92E06177-264F-4963-85E8-A07348E3A262}.Release|Any CPU.Build.0 = Release|Any CPU
		{C75C6197-5BFD-4AC0-B6FA-1725F35D44F3}.Debug|Any CPU.ActiveCfg = Debug|Any CPU
		{C75C6197-5BFD-4AC0-B6FA-1725F35D44F3}.Debug|Any CPU.Build.0 = Debug|Any CPU
		{C75C6197-5BFD-4AC0-B6FA-1725F35D44F3}.Release|Any CPU.ActiveCfg = Release|Any CPU
		{C75C6197-5BFD-4AC0-B6FA-1725F35D44F3}.Release|Any CPU.Build.0 = Release|Any CPU
		{6AA766A4-AAF6-46EA-AC9D-040E6FB5D11D}.Debug|Any CPU.ActiveCfg = Debug|Any CPU
		{6AA766A4-AAF6-46EA-AC9D-040E6FB5D11D}.Debug|Any CPU.Build.0 = Debug|Any CPU
		{6AA766A4-AAF6-46EA-AC9D-040E6FB5D11D}.Release|Any CPU.ActiveCfg = Release|Any CPU
		{6AA766A4-AAF6-46EA-AC9D-040E6FB5D11D}.Release|Any CPU.Build.0 = Release|Any CPU
	EndGlobalSection
	GlobalSection(SolutionProperties) = preSolution
		HideSolutionNode = FALSE
	EndGlobalSection
	GlobalSection(NestedProjects) = preSolution
		{79F45216-23E8-4272-B275-AA15C3A0DCA9} = {54A34B5D-7C5D-461E-96E0-218CED2A7901}
		{9878F6FE-5A6F-4376-8031-83F2C825F8F2} = {79F45216-23E8-4272-B275-AA15C3A0DCA9}
		{47991822-4CE7-4141-92D4-12047B7818A4} = {79F45216-23E8-4272-B275-AA15C3A0DCA9}
		{EF72AAD0-2D9E-4BB5-BF45-4E501EAC57F4} = {79F45216-23E8-4272-B275-AA15C3A0DCA9}
		{9EF16428-3694-4426-A63A-3D1BF4D5BD2B} = {79F45216-23E8-4272-B275-AA15C3A0DCA9}
		{92E06177-264F-4963-85E8-A07348E3A262} = {79F45216-23E8-4272-B275-AA15C3A0DCA9}
		{C75C6197-5BFD-4AC0-B6FA-1725F35D44F3} = {79F45216-23E8-4272-B275-AA15C3A0DCA9}
		{6AA766A4-AAF6-46EA-AC9D-040E6FB5D11D} = {79F45216-23E8-4272-B275-AA15C3A0DCA9}
	EndGlobalSection
	GlobalSection(ExtensibilityGlobals) = postSolution
		SolutionGuid = {8894029F-94F4-49F9-8E30-955200AFB152}
	EndGlobalSection
EndGlobal
